
Microsoft Visual Studio Solution File, Format Version 12.00
# Visual Studio Version 16
VisualStudioVersion = 16.0.29430.225
MinimumVisualStudioVersion = 10.0.40219.1
Project("{9A19103F-16F7-4668-BE54-9A1E7A4F7556}") = "Blazork.Server", "src\Server\Blazork.Server.csproj", "{FE211453-B18C-48E1-964A-E014BFF09394}"
EndProject
Project("{9A19103F-16F7-4668-BE54-9A1E7A4F7556}") = "Blazork.Client", "src\Client\Blazork.Client.csproj", "{7C72343D-D73D-4CA2-B11D-2DDD15A64858}"
EndProject
Project("{9A19103F-16F7-4668-BE54-9A1E7A4F7556}") = "Blazork.ZMachine", "src\ZMachine\Blazork.ZMachine.csproj", "{583285E2-1A1A-4A04-937D-122EC694DB94}"
EndProject
Project("{9A19103F-16F7-4668-BE54-9A1E7A4F7556}") = "Blazork.Tests", "tests\Blazork.Tests\Blazork.Tests.csproj", "{B67AD2AF-CAA4-4E2D-AEF5-AC82E08E3D93}"
EndProject
Global
	GlobalSection(SolutionConfigurationPlatforms) = preSolution
		Debug|Any CPU = Debug|Any CPU
		Release|Any CPU = Release|Any CPU
	EndGlobalSection
	GlobalSection(ProjectConfigurationPlatforms) = postSolution
		{FE211453-B18C-48E1-964A-E014BFF09394}.Debug|Any CPU.ActiveCfg = Debug|Any CPU
		{FE211453-B18C-48E1-964A-E014BFF09394}.Debug|Any CPU.Build.0 = Debug|Any CPU
		{FE211453-B18C-48E1-964A-E014BFF09394}.Release|Any CPU.ActiveCfg = Release|Any CPU
		{FE211453-B18C-48E1-964A-E014BFF09394}.Release|Any CPU.Build.0 = Release|Any CPU
		{7C72343D-D73D-4CA2-B11D-2DDD15A64858}.Debug|Any CPU.ActiveCfg = Debug|Any CPU
		{7C72343D-D73D-4CA2-B11D-2DDD15A64858}.Debug|Any CPU.Build.0 = Debug|Any CPU
		{7C72343D-D73D-4CA2-B11D-2DDD15A64858}.Release|Any CPU.ActiveCfg = Release|Any CPU
		{7C72343D-D73D-4CA2-B11D-2DDD15A64858}.Release|Any CPU.Build.0 = Release|Any CPU
		{583285E2-1A1A-4A04-937D-122EC694DB94}.Debug|Any CPU.ActiveCfg = Debug|Any CPU
		{583285E2-1A1A-4A04-937D-122EC694DB94}.Debug|Any CPU.Build.0 = Debug|Any CPU
		{583285E2-1A1A-4A04-937D-122EC694DB94}.Release|Any CPU.ActiveCfg = Release|Any CPU
		{583285E2-1A1A-4A04-937D-122EC694DB94}.Release|Any CPU.Build.0 = Release|Any CPU
		{B67AD2AF-CAA4-4E2D-AEF5-AC82E08E3D93}.Debug|Any CPU.ActiveCfg = Debug|Any CPU
		{B67AD2AF-CAA4-4E2D-AEF5-AC82E08E3D93}.Debug|Any CPU.Build.0 = Debug|Any CPU
		{B67AD2AF-CAA4-4E2D-AEF5-AC82E08E3D93}.Release|Any CPU.ActiveCfg = Release|Any CPU
		{B67AD2AF-CAA4-4E2D-AEF5-AC82E08E3D93}.Release|Any CPU.Build.0 = Release|Any CPU
	EndGlobalSection
	GlobalSection(SolutionProperties) = preSolution
		HideSolutionNode = FALSE
	EndGlobalSection
	GlobalSection(ExtensibilityGlobals) = postSolution
		SolutionGuid = {323657F5-D543-4851-BD54-EB4D6063EEBA}
	EndGlobalSection
EndGlobal
